
Microsoft Visual Studio Solution File, Format Version 12.00
# Visual Studio Version 16
VisualStudioVersion = 16.0.30621.155
MinimumVisualStudioVersion = 10.0.40219.1
Project("{FAE04EC0-301F-11D3-BF4B-00C04F79EFBC}") = "AssetService", "AssetService.csproj", "{D02F83EC-9371-455D-A465-DD1AF028EFAD}"
EndProject
Project("{FAE04EC0-301F-11D3-BF4B-00C04F79EFBC}") = "AssetRepository", "..\AssetRepository\AssetRepository.csproj", "{D08F14E5-18EE-4CF0-AF57-B9BDDC38258A}"
EndProject
Project("{FAE04EC0-301F-11D3-BF4B-00C04F79EFBC}") = "AssetService.Models", "..\AssetService.Models\AssetService.Models.csproj", "{5A6C4C62-8EAB-4D32-B437-1A71DB9A8598}"
EndProject
Global
	GlobalSection(SolutionConfigurationPlatforms) = preSolution
		Debug|Any CPU = Debug|Any CPU
		Release|Any CPU = Release|Any CPU
	EndGlobalSection
	GlobalSection(ProjectConfigurationPlatforms) = postSolution
		{D02F83EC-9371-455D-A465-DD1AF028EFAD}.Debug|Any CPU.ActiveCfg = Debug|Any CPU
		{D02F83EC-9371-455D-A465-DD1AF028EFAD}.Debug|Any CPU.Build.0 = Debug|Any CPU
		{D02F83EC-9371-455D-A465-DD1AF028EFAD}.Release|Any CPU.ActiveCfg = Release|Any CPU
		{D02F83EC-9371-455D-A465-DD1AF028EFAD}.Release|Any CPU.Build.0 = Release|Any CPU
		{D08F14E5-18EE-4CF0-AF57-B9BDDC38258A}.Debug|Any CPU.ActiveCfg = Debug|Any CPU
		{D08F14E5-18EE-4CF0-AF57-B9BDDC38258A}.Debug|Any CPU.Build.0 = Debug|Any CPU
		{D08F14E5-18EE-4CF0-AF57-B9BDDC38258A}.Release|Any CPU.ActiveCfg = Release|Any CPU
		{D08F14E5-18EE-4CF0-AF57-B9BDDC38258A}.Release|Any CPU.Build.0 = Release|Any CPU
		{5A6C4C62-8EAB-4D32-B437-1A71DB9A8598}.Debug|Any CPU.ActiveCfg = Debug|Any CPU
		{5A6C4C62-8EAB-4D32-B437-1A71DB9A8598}.Debug|Any CPU.Build.0 = Debug|Any CPU
		{5A6C4C62-8EAB-4D32-B437-1A71DB9A8598}.Release|Any CPU.ActiveCfg = Release|Any CPU
		{5A6C4C62-8EAB-4D32-B437-1A71DB9A8598}.Release|Any CPU.Build.0 = Release|Any CPU
	EndGlobalSection
	GlobalSection(SolutionProperties) = preSolution
		HideSolutionNode = FALSE
	EndGlobalSection
	GlobalSection(ExtensibilityGlobals) = postSolution
		SolutionGuid = {01EE94AD-EFAB-427A-AF0A-E757C44E7032}
	EndGlobalSection
EndGlobal
